
Microsoft Visual Studio Solution File, Format Version 12.00
# Visual Studio Version 17
VisualStudioVersion = 17.5.33530.505
MinimumVisualStudioVersion = 10.0.40219.1
Project("{FAE04EC0-301F-11D3-BF4B-00C04F79EFBC}") = "OutputViewer2.0", "OutputViewer2.0\OutputViewer2.0.csproj", "{759607E9-3325-42D2-8882-3F1F8B7C8215}"
EndProject
Global
	GlobalSection(SolutionConfigurationPlatforms) = preSolution
		Debug|Any CPU = Debug|Any CPU
		Release|Any CPU = Release|Any CPU
	EndGlobalSection
	GlobalSection(ProjectConfigurationPlatforms) = postSolution
		{759607E9-3325-42D2-8882-3F1F8B7C8215}.Debug|Any CPU.ActiveCfg = Debug|Any CPU
		{759607E9-3325-42D2-8882-3F1F8B7C8215}.Debug|Any CPU.Build.0 = Debug|Any CPU
		{759607E9-3325-42D2-8882-3F1F8B7C8215}.Release|Any CPU.ActiveCfg = Release|Any CPU
		{759607E9-3325-42D2-8882-3F1F8B7C8215}.Release|Any CPU.Build.0 = Release|Any CPU
	EndGlobalSection
	GlobalSection(SolutionProperties) = preSolution
		HideSolutionNode = FALSE
	EndGlobalSection
	GlobalSection(ExtensibilityGlobals) = postSolution
		SolutionGuid = {FF950BC5-E674-4843-8E71-6858E84A8793}
	EndGlobalSection
EndGlobal
